
Microsoft Visual Studio Solution File, Format Version 12.00
# Visual Studio 2012
VisualStudioVersion = 11.0.30501.0
MinimumVisualStudioVersion = 10.0.40219.1
Project("{8BC9CEB8-8B4A-11D0-8D11-00A0C91BC942}") = "MyAnn", "MyAnn\MyAnn.vcxproj", "{9B3D06AA-EE2B-47A6-ADEC-AF37D41566BA}"
EndProject
Global
	GlobalSection(SolutionConfigurationPlatforms) = preSolution
		Debug|Win32 = Debug|Win32
		Release|Win32 = Release|Win32
	EndGlobalSection
	GlobalSection(ProjectConfigurationPlatforms) = postSolution
		{9B3D06AA-EE2B-47A6-ADEC-AF37D41566BA}.Debug|Win32.ActiveCfg = Debug|Win32
		{9B3D06AA-EE2B-47A6-ADEC-AF37D41566BA}.Debug|Win32.Build.0 = Debug|Win32
		{9B3D06AA-EE2B-47A6-ADEC-AF37D41566BA}.Release|Win32.ActiveCfg = Release|Win32
		{9B3D06AA-EE2B-47A6-ADEC-AF37D41566BA}.Release|Win32.Build.0 = Release|Win32
	EndGlobalSection
	GlobalSection(SolutionProperties) = preSolution
		HideSolutionNode = FALSE
	EndGlobalSection
EndGlobal
